
Microsoft Visual Studio Solution File, Format Version 12.00
# Visual Studio Version 17
VisualStudioVersion = 17.5.33516.290
MinimumVisualStudioVersion = 10.0.40219.1
Project("{FAE04EC0-301F-11D3-BF4B-00C04F79EFBC}") = "FarmerPrototype", "FarmerPrototype\FarmerPrototype.csproj", "{822258D7-44D9-421B-BBB7-D2ED25D2719C}"
EndProject
Global
	GlobalSection(SolutionConfigurationPlatforms) = preSolution
		Debug|Any CPU = Debug|Any CPU
		Release|Any CPU = Release|Any CPU
	EndGlobalSection
	GlobalSection(ProjectConfigurationPlatforms) = postSolution
		{822258D7-44D9-421B-BBB7-D2ED25D2719C}.Debug|Any CPU.ActiveCfg = Debug|Any CPU
		{822258D7-44D9-421B-BBB7-D2ED25D2719C}.Debug|Any CPU.Build.0 = Debug|Any CPU
		{822258D7-44D9-421B-BBB7-D2ED25D2719C}.Release|Any CPU.ActiveCfg = Release|Any CPU
		{822258D7-44D9-421B-BBB7-D2ED25D2719C}.Release|Any CPU.Build.0 = Release|Any CPU
	EndGlobalSection
	GlobalSection(SolutionProperties) = preSolution
		HideSolutionNode = FALSE
	EndGlobalSection
	GlobalSection(ExtensibilityGlobals) = postSolution
		SolutionGuid = {7B02562B-9A8F-40BA-91C7-5C8AA259F82F}
	EndGlobalSection
EndGlobal
